{
    "_readme": [
        "This file locks the dependencies of your project to a known state",
        "Read more about it at https://getcomposer.org/doc/01-basic-usage.md#installing-dependencies",
        "This file is @generated automatically"
    ],
    "content-hash": "9fa516bfb4953afe4ed4b6e11349ffe0",
    "packages": [
        {
            "name": "mgp25/telegram-bot-api",
            "version": "v1.1.1",
            "source": {
                "type": "git",
                "url": "https://github.com/mgp25/Telegram-Bot-API.git",
                "reference": "b3e4140729fd9f842f1b8b3ec9832fa97b03e8bb"
            },
            "dist": {
                "type": "zip",
                "url": "https://api.github.com/repos/mgp25/Telegram-Bot-API/zipball/b3e4140729fd9f842f1b8b3ec9832fa97b03e8bb",
                "reference": "b3e4140729fd9f842f1b8b3ec9832fa97b03e8bb",
                "shasum": ""
            },
            "require": {
                "ext-curl": "*",
                "php": ">=5.5"
            },
            "type": "library",
            "autoload": {
                "classmap": [
                    "src/"
                ]
            },
            "notification-url": "https://packagist.org/downloads/",
            "license": [
                "MIT"
            ],
            "description": "Telegram Bot PHP API",
            "keywords": [
                "Telegram-API",
                "Telegram-Bot-API",
                "Telegram-Bot-PHP",
                "telegram"
            ],
            "time": "2017-02-15T19:43:01+00:00"
        }
    ],
    "packages-dev": [],
    "aliases": [],
    "minimum-stability": "stable",
    "stability-flags": [],
    "prefer-stable": false,
    "prefer-lowest": false,
    "platform": [],
    "platform-dev": []
}
